# This file is autogenerated, do not edit; changes may be undone by the next 'dep ensure'.


[[projects]]
  digest = "1:82b6c6a7f7f55495200481260dc7d81b3568d2f7e27310d3e6e4df2b7b8b7659"
  name = "github.com/confluentinc/confluent-kafka-go"
  packages = ["kafka"]
  pruneopts = ""
  revision = "5e4d04e05fc319ce5996a867aafef29059f26862"
  version = "v0.11.4"

[[projects]]
  digest = "1:56c130d885a4aacae1dd9c7b71cfe39912c7ebc1ff7d2b46083c8812996dc43b"
  name = "github.com/davecgh/go-spew"
  packages = ["spew"]
  pruneopts = ""
  revision = "346938d642f2ec3594ed81d874461961cd0faa76"
  version = "v1.1.0"

[[projects]]
  branch = "master"
  digest = "1:0c99a69e65505c8735a7ca2786eae609bc5070f36c87bf873cee85a85a04ffbe"
  name = "github.com/gig/gelf"
  packages = [
    "chunk",
    "client",
    "pool",
  ]
  pruneopts = ""
  revision = "0a5317bf31bec05623e4f766cd2132c37a747fa7"

[[projects]]
  digest = "1:ae27cb140e52e53f6cbe30c2417a6a5c26c2983a2a1748f8e3a4336772fa283f"
  name = "github.com/gig/msgpack"
  packages = [
    ".",
    "codes",
  ]
  pruneopts = ""
  revision = "32466f4793118cf8fbd397b8a29d93876d9b5261"
  version = "v3.2.3"

[[projects]]
  digest = "1:659ffce1a4eb6e16f1284ff4973ff631ef903ff088eddee973fd65ae43a8433b"
  name = "github.com/go-chi/chi"
  packages = ["."]
  pruneopts = ""
  revision = "2db61557f36b2f4caa20ce6ef50e98bac0f7fce5"
  version = "v4.0.3"

[[projects]]
  branch = "master"
  digest = "1:3b760d3b93f994df8eb1d9ebfad17d3e9e37edcb7f7efaa15b427c0d7a64f4e4"
  name = "github.com/golang/protobuf"
  packages = ["proto"]
  pruneopts = ""
  revision = "1e59b77b52bf8e4b449a57e6f79f21226d571845"

[[projects]]
  digest = "1:041b5feb478117b749b789dff3ff6312ae652aa9460fb1cbc2cf59ea4fac59d5"
  name = "github.com/nats-io/go-nats"
  packages = [
    ".",
    "encoders/builtin",
    "util",
  ]
  pruneopts = ""
  revision = "d66cb54e6b7bdd93f0b28afc8450d84c780dfb68"
  version = "v1.4.0"

[[projects]]
  digest = "1:be61e8224b84064109eaba8157cbb4bbe6ca12443e182b6624fdfa1c0dcf53d9"
  name = "github.com/nats-io/nuid"
  packages = ["."]
  pruneopts = ""
  revision = "289cccf02c178dc782430d534e3c1f5b72af807f"
  version = "v1.0.0"

[[projects]]
  digest = "1:8e4f739f290a3d6f38b7b6d8f704be3fbff599f755e16745a1983f3e6e1b0b7e"
  name = "github.com/op/go-logging"
  packages = ["."]
  pruneopts = ""
  revision = "b2cb9fa56473e98db8caba80237377e83fe44db5"
  version = "v1"

[[projects]]
  digest = "1:ebefa6494fc7582b57a3ddbd8849bb8ddc87a6560f8de3d4098543898bdef087"
  name = "github.com/panjf2000/ants"
  packages = ["."]
  pruneopts = ""
  revision = "e73db1d7d226408976ed89d514588a5fee7e87fa"
  version = "v2.1.0"

[[projects]]
  digest = "1:256484dbbcd271f9ecebc6795b2df8cad4c458dd0f5fd82a8c2fa0c29f233411"
  name = "github.com/pmezard/go-difflib"
  packages = ["difflib"]
  pruneopts = ""
  revision = "792786c7400a136282c1664665ae0a8db921c6c2"
  version = "v1.0.0"

[[projects]]
  branch = "master"
  digest = "1:d4fec58ef1540ef89350bf22c25e013a9f9f57de12180d9067a1e25a5925d99b"
  name = "github.com/satori/go.uuid"
  packages = ["."]
  pruneopts = ""
  revision = "36e9d2ebbde5e3f13ab2e25625fd453271d6522e"

[[projects]]
  branch = "master"
  digest = "1:49c815b826c02a6304fb12fe0de91500179d856190fc4c7325db4c341eef35da"
  name = "github.com/segmentio/kafka-go"
  packages = ["."]
  pruneopts = ""
  revision = "48c37f796910d8154479aaa04ade5843ae4f55d0"

[[projects]]
  digest = "1:2d0dc026c4aef5e2f3a0e06a4dabe268b840d8f63190cf6894e02134a03f52c5"
  name = "github.com/stretchr/testify"
  packages = ["assert"]
  pruneopts = ""
  revision = "b91bfb9ebec76498946beb6af7c0230c7cc7ba6c"
  version = "v1.2.0"

[[projects]]
  branch = "master"
  digest = "1:f3ee2a699dd02cac37fbca1d028f1121ce0e48143a0f9abd293d3141dcfe6b92"
  name = "golang.org/x/net"
  packages = ["context"]
  pruneopts = ""
  revision = "5ccada7d0a7ba9aeb5d3aca8d3501b4c2a509fec"

[[projects]]
  digest = "1:934fb8966f303ede63aa405e2c8d7f0a427a05ea8df335dfdc1833dd4d40756f"
  name = "google.golang.org/appengine"
  packages = [
    ".",
    "datastore",
    "internal",
    "internal/app_identity",
    "internal/base",
    "internal/datastore",
    "internal/log",
    "internal/modules",
    "internal/remote_api",
  ]
  pruneopts = ""
  revision = "150dc57a1b433e64154302bdc40b6bb8aefa313a"
  version = "v1.0.0"

[solve-meta]
  analyzer-name = "dep"
  analyzer-version = 1
  input-imports = [
    "github.com/confluentinc/confluent-kafka-go/kafka",
    "github.com/gig/gelf/client",
    "github.com/gig/msgpack",
    "github.com/go-chi/chi",
    "github.com/nats-io/go-nats",
    "github.com/op/go-logging",
    "github.com/panjf2000/ants",
    "github.com/satori/go.uuid",
    "github.com/segmentio/kafka-go",
    "github.com/stretchr/testify/assert",
  ]
  solver-name = "gps-cdcl"
  solver-version = 1
